<?xml version="1.0" encoding="utf-8" standalone="no"?>
<Scheme LastUpgradeVersion="1000" version="2.0">
	<AnalyzeAction buildConfiguration="Debug" />
	<ArchiveAction revealArchiveInOrganizer="YES" buildConfiguration="Release" />
	<TestAction selectedLauncherIdentifier="Xcode.DebuggerFoundation.Launcher.LLDB" buildConfiguration="Debug" shouldUseLaunchSchemeArgsEnv="YES" codeCoverageEnabled="NO" selectedDebuggerIdentifier="Xcode.DebuggerFoundation.Debugger.LLDB">
		<Testables>
			<TestableReference skipped="NO">
				<BuildableReference BuildableIdentifier="primary" ReferencedContainer="container:SwiftShot.xcodeproj" BlueprintIdentifier="D0066D472057259600A7E863" BuildableName="SwiftShotTests.xctest" BlueprintName="SwiftShotTests" />
			</TestableReference>
		</Testables>
		<MacroExpansion>
			<BuildableReference BuildableIdentifier="primary" ReferencedContainer="container:SwiftShot.xcodeproj" BlueprintIdentifier="D0066D312057259500A7E863" BuildableName="SwiftShot.app" BlueprintName="SwiftShot" />
		</MacroExpansion>
	</TestAction>
	<ProfileAction shouldUseLaunchSchemeArgsEnv="YES" buildConfiguration="Release" savedToolIdentifier="" useCustomWorkingDirectory="NO" debugDocumentVersioning="YES">
		<BuildableProductRunnable runnableDebuggingMode="0">
			<BuildableReference BuildableIdentifier="primary" ReferencedContainer="container:SwiftShot.xcodeproj" BlueprintIdentifier="D0066D312057259500A7E863" BuildableName="SwiftShot.app" BlueprintName="SwiftShot" />
		</BuildableProductRunnable>
	</ProfileAction>
	<BuildAction buildImplicitDependencies="YES" parallelizeBuildables="YES">
		<BuildActionEntries>
			<BuildActionEntry buildForProfiling="YES" buildForAnalyzing="YES" buildForRunning="YES" buildForArchiving="YES" buildForTesting="YES">
				<BuildableReference BuildableIdentifier="primary" ReferencedContainer="container:SwiftShot.xcodeproj" BlueprintIdentifier="D0066D312057259500A7E863" BuildableName="SwiftShot.app" BlueprintName="SwiftShot" />
			</BuildActionEntry>
		</BuildActionEntries>
	</BuildAction>
	<LaunchAction buildConfiguration="Debug" useCustomWorkingDirectory="NO" debugServiceExtension="internal" ignoresPersistentStateOnLaunch="NO" allowLocationSimulation="YES" debugDocumentVersioning="YES" selectedLauncherIdentifier="Xcode.DebuggerFoundation.Launcher.LLDB" launchStyle="0" selectedDebuggerIdentifier="Xcode.DebuggerFoundation.Debugger.LLDB">
		<BuildableProductRunnable runnableDebuggingMode="0">
			<BuildableReference BuildableIdentifier="primary" ReferencedContainer="container:SwiftShot.xcodeproj" BlueprintIdentifier="D0066D312057259500A7E863" BuildableName="SwiftShot.app" BlueprintName="SwiftShot" />
		</BuildableProductRunnable>
	</LaunchAction>
</Scheme>